github.com/Konstantin8105/cs v0.0.0-20190517091010-c069cc1cee1b h1:IZkvBy8TJTxpPHjOW1R5KqIgVF2lVk8isx9iQBHnOnw=
github.com/Konstantin8105/cs v0.0.0-20190517091010-c069cc1cee1b/go.mod h1:NquwK4RWQZiMO4cVCacCuMklZ+bPxxHSR8h8Qc51EPk=
github.com/Konstantin8105/errors v0.0.0-20190517083224-0667bfd7a9ac h1:syUV8/Mgzpj/lYevIbCnoIUawY6EoxTm+D07nPzZdr4=
github.com/Konstantin8105/errors v0.0.0-20190517083224-0667bfd7a9ac/go.mod h1:7wvBaOU91dxvleBlg9MPy3B1DFY/JKnWeLTzPQKkRwE=
github.com/Konstantin8105/tree v0.0.0-20190515202740-8a8e3df34a3b h1:FjXnLahgYDqBm8FeELONQ6+AoL/VYUQJOcexWqeAPM8=
github.com/Konstantin8105/tree v0.0.0-20190515202740-8a8e3df34a3b/go.mod h1:iuUpRQi7E+GDKbY/a5HBliYk4j+cW1Nmv1hXoCSwuVU=
github.com/bradleyjkemp/cupaloy v2.3.0+incompatible h1:UafIjBvWQmS9i/xRg+CamMrnLTKNzo+bdmT/oH34c2Y=
github.com/bradleyjkemp/cupaloy v2.3.0+incompatible/go.mod h1:Au1Xw1sgaJ5iSFktEhYsS0dbQiS1B0/XMXl+42y9Ilk=
github.com/davecgh/go-spew v1.1.1 h1:vj9j/u1bqnvCEfJOwUhtlOARqs3+rkHYY13jYWTU97c=
github.com/davecgh/go-spew v1.1.1/go.mod h1:J7Y8YcW2NihsgmVo/mv3lAwl/skON4iLHjSsI+c5H38=
github.com/pkg/term v0.0.0-20190109203006-aa71e9d9e942 h1:A7GG7zcGjl3jqAqGPmcNjd/D9hzL95SuoOQAaFNdLU0=
github.com/pkg/term v0.0.0-20190109203006-aa71e9d9e942/go.mod h1:eCbImbZ95eXtAUIbLAuAVnBnwf83mjf6QIVH8SHYwqQ=
github.com/pmezard/go-difflib v1.0.0 h1:4DBwDE0NGyQoBHbLQYPwSUPoCMWR5BEzIk/f1lZbAQM=
github.com/pmezard/go-difflib v1.0.0/go.mod h1:iKH77koFhYxTK1pcRnkKkqfTogsbg7gZNVY4sRDYZ/4=
golang.org/x/sys v0.1.0 h1:kunALQeHf1/185U1i0GOB/fy1IPRDDpuoOOqRReG57U=
golang.org/x/sys v0.1.0/go.mod h1:oPkhp1MJrh7nUepCBck5+mAzfO9JrbApNNgaTdGDITg=
